
Microsoft Visual Studio Solution File, Format Version 12.00
# Visual Studio Version 17
VisualStudioVersion = 17.7.34202.233
MinimumVisualStudioVersion = 10.0.40219.1
Project("{FAE04EC0-301F-11D3-BF4B-00C04F79EFBC}") = "cnClassPaciente1", "cnClassPaciente1\cnClassPaciente1.csproj", "{B8237B6D-9843-41B5-9E85-7CB69802ECAB}"
EndProject
Global
	GlobalSection(SolutionConfigurationPlatforms) = preSolution
		Debug|Any CPU = Debug|Any CPU
		Release|Any CPU = Release|Any CPU
	EndGlobalSection
	GlobalSection(ProjectConfigurationPlatforms) = postSolution
		{B8237B6D-9843-41B5-9E85-7CB69802ECAB}.Debug|Any CPU.ActiveCfg = Debug|Any CPU
		{B8237B6D-9843-41B5-9E85-7CB69802ECAB}.Debug|Any CPU.Build.0 = Debug|Any CPU
		{B8237B6D-9843-41B5-9E85-7CB69802ECAB}.Release|Any CPU.ActiveCfg = Release|Any CPU
		{B8237B6D-9843-41B5-9E85-7CB69802ECAB}.Release|Any CPU.Build.0 = Release|Any CPU
	EndGlobalSection
	GlobalSection(SolutionProperties) = preSolution
		HideSolutionNode = FALSE
	EndGlobalSection
	GlobalSection(ExtensibilityGlobals) = postSolution
		SolutionGuid = {E18FA81C-43AC-4D07-A7F4-761571D4013B}
	EndGlobalSection
EndGlobal
